// !$*UTF8*$!
{
	archiveVersion = 1;
	classes = {
	};
	objectVersion = 46;
	objects = {

/* Begin PBXBuildFile section */
		5C92AC441A17DAB400A1C208 /* GoogleMaps.bundle in Resources */ = {isa = PBXBuildFile; fileRef = 5C92AC431A17DAB400A1C208 /* GoogleMaps.bundle */; };
		5C92AC461A17FFA300A1C208 /* AnnouncementDetailView.xib in Resources */ = {isa = PBXBuildFile; fileRef = 5C92AC451A17FFA300A1C208 /* AnnouncementDetailView.xib */; };
		BE3AD7611A17D3A300646923 /* Bolts.framework in Frameworks */ = {isa = PBXBuildFile; fileRef = BE3AD75F1A17D3A300646923 /* Bolts.framework */; };
		BE3AD7621A17D3A300646923 /* Parse.framework in Frameworks */ = {isa = PBXBuildFile; fileRef = BE3AD7601A17D3A300646923 /* Parse.framework */; };
		BE3AD7641A17D3BA00646923 /* AudioToolbox.framework in Frameworks */ = {isa = PBXBuildFile; fileRef = BE3AD7631A17D3BA00646923 /* AudioToolbox.framework */; };
		BE3AD7661A17D3C300646923 /* CFNetwork.framework in Frameworks */ = {isa = PBXBuildFile; fileRef = BE3AD7651A17D3C300646923 /* CFNetwork.framework */; };
		BE3AD7681A17D3CA00646923 /* CoreGraphics.framework in Frameworks */ = {isa = PBXBuildFile; fileRef = BE3AD7671A17D3CA00646923 /* CoreGraphics.framework */; };
		BE3AD76A1A17D3ED00646923 /* MobileCoreServices.framework in Frameworks */ = {isa = PBXBuildFile; fileRef = BE3AD7691A17D3ED00646923 /* MobileCoreServices.framework */; };
		BE3AD76C1A17D3FF00646923 /* Security.framework in Frameworks */ = {isa = PBXBuildFile; fileRef = BE3AD76B1A17D3FF00646923 /* Security.framework */; };
		BE3AD76E1A17D40700646923 /* StoreKit.framework in Frameworks */ = {isa = PBXBuildFile; fileRef = BE3AD76D1A17D40700646923 /* StoreKit.framework */; };
		BE3AD7721A17EA3E00646923 /* AddItemViewController.m in Sources */ = {isa = PBXBuildFile; fileRef = BE3AD7711A17EA3E00646923 /* AddItemViewController.m */; };
		BEB6BB341A17C876003E27D6 /* main.m in Sources */ = {isa = PBXBuildFile; fileRef = BEB6BB331A17C876003E27D6 /* main.m */; };
		BEB6BB371A17C876003E27D6 /* AppDelegate.m in Sources */ = {isa = PBXBuildFile; fileRef = BEB6BB361A17C876003E27D6 /* AppDelegate.m */; };
		BEB6BB3A1A17C876003E27D6 /* Hungry_Students.xcdatamodeld in Sources */ = {isa = PBXBuildFile; fileRef = BEB6BB381A17C876003E27D6 /* Hungry_Students.xcdatamodeld */; };
		BEB6BB3D1A17C876003E27D6 /* ViewController.m in Sources */ = {isa = PBXBuildFile; fileRef = BEB6BB3C1A17C876003E27D6 /* ViewController.m */; };
		BEB6BB401A17C876003E27D6 /* Main.storyboard in Resources */ = {isa = PBXBuildFile; fileRef = BEB6BB3E1A17C876003E27D6 /* Main.storyboard */; };
		BEB6BB421A17C876003E27D6 /* Images.xcassets in Resources */ = {isa = PBXBuildFile; fileRef = BEB6BB411A17C876003E27D6 /* Images.xcassets */; };
		BEB6BB451A17C876003E27D6 /* LaunchScreen.xib in Resources */ = {isa = PBXBuildFile; fileRef = BEB6BB431A17C876003E27D6 /* LaunchScreen.xib */; };
		BEB6BB511A17C876003E27D6 /* Hungry_StudentsTests.m in Sources */ = {isa = PBXBuildFile; fileRef = BEB6BB501A17C876003E27D6 /* Hungry_StudentsTests.m */; };
		BEB6BB5B1A17C8D8003E27D6 /* AVFoundation.framework in Frameworks */ = {isa = PBXBuildFile; fileRef = BEB6BB5A1A17C8D8003E27D6 /* AVFoundation.framework */; };
		BEB6BB5D1A17C8F0003E27D6 /* CoreData.framework in Frameworks */ = {isa = PBXBuildFile; fileRef = BEB6BB5C1A17C8F0003E27D6 /* CoreData.framework */; };
		BEB6BB5F1A17C8FB003E27D6 /* CoreLocation.framework in Frameworks */ = {isa = PBXBuildFile; fileRef = BEB6BB5E1A17C8FB003E27D6 /* CoreLocation.framework */; };
		BEB6BB611A17C903003E27D6 /* CoreText.framework in Frameworks */ = {isa = PBXBuildFile; fileRef = BEB6BB601A17C903003E27D6 /* CoreText.framework */; };
		BEB6BB631A17C90C003E27D6 /* GLKit.framework in Frameworks */ = {isa = PBXBuildFile; fileRef = BEB6BB621A17C90C003E27D6 /* GLKit.framework */; };
		BEB6BB651A17C914003E27D6 /* ImageIO.framework in Frameworks */ = {isa = PBXBuildFile; fileRef = BEB6BB641A17C914003E27D6 /* ImageIO.framework */; };
		BEB6BB671A17C91F003E27D6 /* libc++.dylib in Frameworks */ = {isa = PBXBuildFile; fileRef = BEB6BB661A17C91F003E27D6 /* libc++.dylib */; };
		BEB6BB691A17C927003E27D6 /* libicucore.dylib in Frameworks */ = {isa = PBXBuildFile; fileRef = BEB6BB681A17C927003E27D6 /* libicucore.dylib */; };
		BEB6BB6B1A17C932003E27D6 /* libz.dylib in Frameworks */ = {isa = PBXBuildFile; fileRef = BEB6BB6A1A17C932003E27D6 /* libz.dylib */; };
		BEB6BB6D1A17C93A003E27D6 /* OpenGLES.framework in Frameworks */ = {isa = PBXBuildFile; fileRef = BEB6BB6C1A17C93A003E27D6 /* OpenGLES.framework */; };
		BEB6BB6F1A17C944003E27D6 /* QuartzCore.framework in Frameworks */ = {isa = PBXBuildFile; fileRef = BEB6BB6E1A17C944003E27D6 /* QuartzCore.framework */; };
		BEB6BB711A17C94B003E27D6 /* SystemConfiguration.framework in Frameworks */ = {isa = PBXBuildFile; fileRef = BEB6BB701A17C94B003E27D6 /* SystemConfiguration.framework */; };
		BEB6BB731A17C982003E27D6 /* GoogleMaps.framework in Frameworks */ = {isa = PBXBuildFile; fileRef = BEB6BB721A17C982003E27D6 /* GoogleMaps.framework */; };
/* End PBXBuildFile section */

/* Begin PBXContainerItemProxy section */
		BEB6BB4B1A17C876003E27D6 /* PBXContainerItemProxy */ = {
			isa = PBXContainerItemProxy;
			containerPortal = BEB6BB261A17C876003E27D6 /* Project object */;
			proxyType = 1;
			remoteGlobalIDString = BEB6BB2D1A17C876003E27D6;
			remoteInfo = "Hungry Students";
		};
/* End PBXContainerItemProxy section */

/* Begin PBXFileReference section */
		5C92AC431A17DAB400A1C208 /* GoogleMaps.bundle */ = {isa = PBXFileReference; lastKnownFileType = "wrapper.plug-in"; name = GoogleMaps.bundle; path = GoogleMaps.framework/Versions/A/Resources/GoogleMaps.bundle; sourceTree = "<group>"; };
		5C92AC451A17FFA300A1C208 /* AnnouncementDetailView.xib */ = {isa = PBXFileReference; fileEncoding = 4; lastKnownFileType = file.xib; path = AnnouncementDetailView.xib; sourceTree = "<group>"; };
		BE3AD75F1A17D3A300646923 /* Bolts.framework */ = {isa = PBXFileReference; lastKnownFileType = wrapper.framework; path = Bolts.framework; sourceTree = "<group>"; };
		BE3AD7601A17D3A300646923 /* Parse.framework */ = {isa = PBXFileReference; lastKnownFileType = wrapper.framework; path = Parse.framework; sourceTree = "<group>"; };
		BE3AD7631A17D3BA00646923 /* AudioToolbox.framework */ = {isa = PBXFileReference; lastKnownFileType = wrapper.framework; name = AudioToolbox.framework; path = System/Library/Frameworks/AudioToolbox.framework; sourceTree = SDKROOT; };
		BE3AD7651A17D3C300646923 /* CFNetwork.framework */ = {isa = PBXFileReference; lastKnownFileType = wrapper.framework; name = CFNetwork.framework; path = System/Library/Frameworks/CFNetwork.framework; sourceTree = SDKROOT; };
		BE3AD7671A17D3CA00646923 /* CoreGraphics.framework */ = {isa = PBXFileReference; lastKnownFileType = wrapper.framework; name = CoreGraphics.framework; path = System/Library/Frameworks/CoreGraphics.framework; sourceTree = SDKROOT; };
		BE3AD7691A17D3ED00646923 /* MobileCoreServices.framework */ = {isa = PBXFileReference; lastKnownFileType = wrapper.framework; name = MobileCoreServices.framework; path = System/Library/Frameworks/MobileCoreServices.framework; sourceTree = SDKROOT; };
		BE3AD76B1A17D3FF00646923 /* Security.framework */ = {isa = PBXFileReference; lastKnownFileType = wrapper.framework; name = Security.framework; path = System/Library/Frameworks/Security.framework; sourceTree = SDKROOT; };
		BE3AD76D1A17D40700646923 /* StoreKit.framework */ = {isa = PBXFileReference; lastKnownFileType = wrapper.framework; name = StoreKit.framework; path = System/Library/Frameworks/StoreKit.framework; sourceTree = SDKROOT; };
		BE3AD7701A17EA3E00646923 /* AddItemViewController.h */ = {isa = PBXFileReference; fileEncoding = 4; lastKnownFileType = sourcecode.c.h; path = AddItemViewController.h; sourceTree = "<group>"; };
		BE3AD7711A17EA3E00646923 /* AddItemViewController.m */ = {isa = PBXFileReference; fileEncoding = 4; lastKnownFileType = sourcecode.c.objc; path = AddItemViewController.m; sourceTree = "<group>"; };
		BEB6BB2E1A17C876003E27D6 /* Hungry Students.app */ = {isa = PBXFileReference; explicitFileType = wrapper.application; includeInIndex = 0; path = "Hungry Students.app"; sourceTree = BUILT_PRODUCTS_DIR; };
		BEB6BB321A17C876003E27D6 /* Info.plist */ = {isa = PBXFileReference; lastKnownFileType = text.plist.xml; path = Info.plist; sourceTree = "<group>"; };
		BEB6BB331A17C876003E27D6 /* main.m */ = {isa = PBXFileReference; lastKnownFileType = sourcecode.c.objc; path = main.m; sourceTree = "<group>"; };
		BEB6BB351A17C876003E27D6 /* AppDelegate.h */ = {isa = PBXFileReference; lastKnownFileType = sourcecode.c.h; path = AppDelegate.h; sourceTree = "<group>"; };
		BEB6BB361A17C876003E27D6 /* AppDelegate.m */ = {isa = PBXFileReference; lastKnownFileType = sourcecode.c.objc; path = AppDelegate.m; sourceTree = "<group>"; };
		BEB6BB391A17C876003E27D6 /* Hungry_Students.xcdatamodel */ = {isa = PBXFileReference; lastKnownFileType = wrapper.xcdatamodel; path = Hungry_Students.xcdatamodel; sourceTree = "<group>"; };
		BEB6BB3B1A17C876003E27D6 /* ViewController.h */ = {isa = PBXFileReference; lastKnownFileType = sourcecode.c.h; path = ViewController.h; sourceTree = "<group>"; };
		BEB6BB3C1A17C876003E27D6 /* ViewController.m */ = {isa = PBXFileReference; lastKnownFileType = sourcecode.c.objc; path = ViewController.m; sourceTree = "<group>"; };
		BEB6BB3F1A17C876003E27D6 /* Base */ = {isa = PBXFileReference; lastKnownFileType = file.storyboard; name = Base; path = Base.lproj/Main.storyboard; sourceTree = "<group>"; };
		BEB6BB411A17C876003E27D6 /* Images.xcassets */ = {isa = PBXFileReference; lastKnownFileType = folder.assetcatalog; path = Images.xcassets; sourceTree = "<group>"; };
		BEB6BB441A17C876003E27D6 /* Base */ = {isa = PBXFileReference; lastKnownFileType = file.xib; name = Base; path = Base.lproj/LaunchScreen.xib; sourceTree = "<group>"; };
		BEB6BB4A1A17C876003E27D6 /* Hungry StudentsTests.xctest */ = {isa = PBXFileReference; explicitFileType = wrapper.cfbundle; includeInIndex = 0; path = "Hungry StudentsTests.xctest"; sourceTree = BUILT_PRODUCTS_DIR; };
		BEB6BB4F1A17C876003E27D6 /* Info.plist */ = {isa = PBXFileReference; lastKnownFileType = text.plist.xml; path = Info.plist; sourceTree = "<group>"; };
		BEB6BB501A17C876003E27D6 /* Hungry_StudentsTests.m */ = {isa = PBXFileReference; lastKnownFileType = sourcecode.c.objc; path = Hungry_StudentsTests.m; sourceTree = "<group>"; };
		BEB6BB5A1A17C8D8003E27D6 /* AVFoundation.framework */ = {isa = PBXFileReference; lastKnownFileType = wrapper.framework; name = AVFoundation.framework; path = System/Library/Frameworks/AVFoundation.framework; sourceTree = SDKROOT; };
		BEB6BB5C1A17C8F0003E27D6 /* CoreData.framework */ = {isa = PBXFileReference; lastKnownFileType = wrapper.framework; name = CoreData.framework; path = System/Library/Frameworks/CoreData.framework; sourceTree = SDKROOT; };
		BEB6BB5E1A17C8FB003E27D6 /* CoreLocation.framework */ = {isa = PBXFileReference; lastKnownFileType = wrapper.framework; name = CoreLocation.framework; path = System/Library/Frameworks/CoreLocation.framework; sourceTree = SDKROOT; };
		BEB6BB601A17C903003E27D6 /* CoreText.framework */ = {isa = PBXFileReference; lastKnownFileType = wrapper.framework; name = CoreText.framework; path = System/Library/Frameworks/CoreText.framework; sourceTree = SDKROOT; };
		BEB6BB621A17C90C003E27D6 /* GLKit.framework */ = {isa = PBXFileReference; lastKnownFileType = wrapper.framework; name = GLKit.framework; path = System/Library/Frameworks/GLKit.framework; sourceTree = SDKROOT; };
		BEB6BB641A17C914003E27D6 /* ImageIO.framework */ = {isa = PBXFileReference; lastKnownFileType = wrapper.framework; name = ImageIO.framework; path = System/Library/Frameworks/ImageIO.framework; sourceTree = SDKROOT; };
		BEB6BB661A17C91F003E27D6 /* libc++.dylib */ = {isa = PBXFileReference; lastKnownFileType = "compiled.mach-o.dylib"; name = "libc++.dylib"; path = "usr/lib/libc++.dylib"; sourceTree = SDKROOT; };
		BEB6BB681A17C927003E27D6 /* libicucore.dylib */ = {isa = PBXFileReference; lastKnownFileType = "compiled.mach-o.dylib"; name = libicucore.dylib; path = usr/lib/libicucore.dylib; sourceTree = SDKROOT; };
		BEB6BB6A1A17C932003E27D6 /* libz.dylib */ = {isa = PBXFileReference; lastKnownFileType = "compiled.mach-o.dylib"; name = libz.dylib; path = usr/lib/libz.dylib; sourceTree = SDKROOT; };
		BEB6BB6C1A17C93A003E27D6 /* OpenGLES.framework */ = {isa = PBXFileReference; lastKnownFileType = wrapper.framework; name = OpenGLES.framework; path = System/Library/Frameworks/OpenGLES.framework; sourceTree = SDKROOT; };
		BEB6BB6E1A17C944003E27D6 /* QuartzCore.framework */ = {isa = PBXFileReference; lastKnownFileType = wrapper.framework; name = QuartzCore.framework; path = System/Library/Frameworks/QuartzCore.framework; sourceTree = SDKROOT; };
		BEB6BB701A17C94B003E27D6 /* SystemConfiguration.framework */ = {isa = PBXFileReference; lastKnownFileType = wrapper.framework; name = SystemConfiguration.framework; path = System/Library/Frameworks/SystemConfiguration.framework; sourceTree = SDKROOT; };
		BEB6BB721A17C982003E27D6 /* GoogleMaps.framework */ = {isa = PBXFileReference; lastKnownFileType = wrapper.framework; path = GoogleMaps.framework; sourceTree = "<group>"; };
/* End PBXFileReference section */

/* Begin PBXFrameworksBuildPhase section */
		BEB6BB2B1A17C876003E27D6 /* Frameworks */ = {
			isa = PBXFrameworksBuildPhase;
			buildActionMask = 2147483647;
			files = (
				BEB6BB711A17C94B003E27D6 /* SystemConfiguration.framework in Frameworks */,
				BE3AD76E1A17D40700646923 /* StoreKit.framework in Frameworks */,
				BE3AD76C1A17D3FF00646923 /* Security.framework in Frameworks */,
				BEB6BB6F1A17C944003E27D6 /* QuartzCore.framework in Frameworks */,
				BE3AD76A1A17D3ED00646923 /* MobileCoreServices.framework in Frameworks */,
				BEB6BB5F1A17C8FB003E27D6 /* CoreLocation.framework in Frameworks */,
				BE3AD7681A17D3CA00646923 /* CoreGraphics.framework in Frameworks */,
				BE3AD7661A17D3C300646923 /* CFNetwork.framework in Frameworks */,
				BE3AD7641A17D3BA00646923 /* AudioToolbox.framework in Frameworks */,
				BEB6BB6D1A17C93A003E27D6 /* OpenGLES.framework in Frameworks */,
				BEB6BB6B1A17C932003E27D6 /* libz.dylib in Frameworks */,
				BE3AD7621A17D3A300646923 /* Parse.framework in Frameworks */,
				BEB6BB691A17C927003E27D6 /* libicucore.dylib in Frameworks */,
				BEB6BB671A17C91F003E27D6 /* libc++.dylib in Frameworks */,
				BEB6BB651A17C914003E27D6 /* ImageIO.framework in Frameworks */,
				BEB6BB631A17C90C003E27D6 /* GLKit.framework in Frameworks */,
				BEB6BB611A17C903003E27D6 /* CoreText.framework in Frameworks */,
				BEB6BB731A17C982003E27D6 /* GoogleMaps.framework in Frameworks */,
				BEB6BB5D1A17C8F0003E27D6 /* CoreData.framework in Frameworks */,
				BEB6BB5B1A17C8D8003E27D6 /* AVFoundation.framework in Frameworks */,
				BE3AD7611A17D3A300646923 /* Bolts.framework in Frameworks */,
			);
			runOnlyForDeploymentPostprocessing = 0;
		};
		BEB6BB471A17C876003E27D6 /* Frameworks */ = {
			isa = PBXFrameworksBuildPhase;
			buildActionMask = 2147483647;
			files = (
			);
			runOnlyForDeploymentPostprocessing = 0;
		};
/* End PBXFrameworksBuildPhase section */

/* Begin PBXGroup section */
		BE3AD76F1A17D42400646923 /* Frameworks */ = {
			isa = PBXGroup;
			children = (
				5C92AC431A17DAB400A1C208 /* GoogleMaps.bundle */,
				BE3AD76D1A17D40700646923 /* StoreKit.framework */,
				BE3AD76B1A17D3FF00646923 /* Security.framework */,
				BE3AD7691A17D3ED00646923 /* MobileCoreServices.framework */,
				BE3AD7671A17D3CA00646923 /* CoreGraphics.framework */,
				BE3AD7651A17D3C300646923 /* CFNetwork.framework */,
				BE3AD7631A17D3BA00646923 /* AudioToolbox.framework */,
				BEB6BB721A17C982003E27D6 /* GoogleMaps.framework */,
				BEB6BB701A17C94B003E27D6 /* SystemConfiguration.framework */,
				BEB6BB6E1A17C944003E27D6 /* QuartzCore.framework */,
				BEB6BB6C1A17C93A003E27D6 /* OpenGLES.framework */,
				BEB6BB6A1A17C932003E27D6 /* libz.dylib */,
				BEB6BB681A17C927003E27D6 /* libicucore.dylib */,
				BE3AD75F1A17D3A300646923 /* Bolts.framework */,
				BE3AD7601A17D3A300646923 /* Parse.framework */,
				BEB6BB661A17C91F003E27D6 /* libc++.dylib */,
				BEB6BB641A17C914003E27D6 /* ImageIO.framework */,
				BEB6BB621A17C90C003E27D6 /* GLKit.framework */,
				BEB6BB601A17C903003E27D6 /* CoreText.framework */,
				BEB6BB5E1A17C8FB003E27D6 /* CoreLocation.framework */,
				BEB6BB5C1A17C8F0003E27D6 /* CoreData.framework */,
				BEB6BB5A1A17C8D8003E27D6 /* AVFoundation.framework */,
			);
			name = Frameworks;
			sourceTree = "<group>";
		};
		BEB6BB251A17C876003E27D6 = {
			isa = PBXGroup;
			children = (
				BEB6BB301A17C876003E27D6 /* Hungry Students */,
				BEB6BB4D1A17C876003E27D6 /* Hungry StudentsTests */,
				BEB6BB2F1A17C876003E27D6 /* Products */,
				BE3AD76F1A17D42400646923 /* Frameworks */,
			);
			sourceTree = "<group>";
		};
		BEB6BB2F1A17C876003E27D6 /* Products */ = {
			isa = PBXGroup;
			children = (
				BEB6BB2E1A17C876003E27D6 /* Hungry Students.app */,
				BEB6BB4A1A17C876003E27D6 /* Hungry StudentsTests.xctest */,
			);
			name = Products;
			sourceTree = "<group>";
		};
		BEB6BB301A17C876003E27D6 /* Hungry Students */ = {
			isa = PBXGroup;
			children = (
				BEB6BB351A17C876003E27D6 /* AppDelegate.h */,
				BEB6BB361A17C876003E27D6 /* AppDelegate.m */,
				BEB6BB3B1A17C876003E27D6 /* ViewController.h */,
				BEB6BB3C1A17C876003E27D6 /* ViewController.m */,
				BEB6BB3E1A17C876003E27D6 /* Main.storyboard */,
				BE3AD7701A17EA3E00646923 /* AddItemViewController.h */,
				BE3AD7711A17EA3E00646923 /* AddItemViewController.m */,
				BEB6BB411A17C876003E27D6 /* Images.xcassets */,
				BEB6BB431A17C876003E27D6 /* LaunchScreen.xib */,
				BEB6BB381A17C876003E27D6 /* Hungry_Students.xcdatamodeld */,
				BEB6BB311A17C876003E27D6 /* Supporting Files */,
				5C92AC451A17FFA300A1C208 /* AnnouncementDetailView.xib */,
			);
			path = "Hungry Students";
			sourceTree = "<group>";
		};
		BEB6BB311A17C876003E27D6 /* Supporting Files */ = {
			isa = PBXGroup;
			children = (
				BEB6BB321A17C876003E27D6 /* Info.plist */,
				BEB6BB331A17C876003E27D6 /* main.m */,
			);
			name = "Supporting Files";
			sourceTree = "<group>";
		};
		BEB6BB4D1A17C876003E27D6 /* Hungry StudentsTests */ = {
			isa = PBXGroup;
			children = (
				BEB6BB501A17C876003E27D6 /* Hungry_StudentsTests.m */,
				BEB6BB4E1A17C876003E27D6 /* Supporting Files */,
			);
			path = "Hungry StudentsTests";
			sourceTree = "<group>";
		};
		BEB6BB4E1A17C876003E27D6 /* Supporting Files */ = {
			isa = PBXGroup;
			children = (
				BEB6BB4F1A17C876003E27D6 /* Info.plist */,
			);
			name = "Supporting Files";
			sourceTree = "<group>";
		};
/* End PBXGroup section */

/* Begin PBXNativeTarget section */
		BEB6BB2D1A17C876003E27D6 /* Hungry Students */ = {
			isa = PBXNativeTarget;
			buildConfigurationList = BEB6BB541A17C876003E27D6 /* Build configuration list for PBXNativeTarget "Hungry Students" */;
			buildPhases = (
				BEB6BB2A1A17C876003E27D6 /* Sources */,
				BEB6BB2B1A17C876003E27D6 /* Frameworks */,
				BEB6BB2C1A17C876003E27D6 /* Resources */,
			);
			buildRules = (
			);
			dependencies = (
			);
			name = "Hungry Students";
			productName = "Hungry Students";
			productReference = BEB6BB2E1A17C876003E27D6 /* Hungry Students.app */;
			productType = "com.apple.product-type.application";
		};
		BEB6BB491A17C876003E27D6 /* Hungry StudentsTests */ = {
			isa = PBXNativeTarget;
			buildConfigurationList = BEB6BB571A17C876003E27D6 /* Build configuration list for PBXNativeTarget "Hungry StudentsTests" */;
			buildPhases = (
				BEB6BB461A17C876003E27D6 /* Sources */,
				BEB6BB471A17C876003E27D6 /* Frameworks */,
				BEB6BB481A17C876003E27D6 /* Resources */,
			);
			buildRules = (
			);
			dependencies = (
				BEB6BB4C1A17C876003E27D6 /* PBXTargetDependency */,
			);
			name = "Hungry StudentsTests";
			productName = "Hungry StudentsTests";
			productReference = BEB6BB4A1A17C876003E27D6 /* Hungry StudentsTests.xctest */;
			productType = "com.apple.product-type.bundle.unit-test";
		};
/* End PBXNativeTarget section */

/* Begin PBXProject section */
		BEB6BB261A17C876003E27D6 /* Project object */ = {
			isa = PBXProject;
			attributes = {
				LastUpgradeCheck = 0610;
				ORGANIZATIONNAME = "Rutger Farry";
				TargetAttributes = {
					BEB6BB2D1A17C876003E27D6 = {
						CreatedOnToolsVersion = 6.1;
					};
					BEB6BB491A17C876003E27D6 = {
						CreatedOnToolsVersion = 6.1;
						TestTargetID = BEB6BB2D1A17C876003E27D6;
					};
				};
			};
			buildConfigurationList = BEB6BB291A17C876003E27D6 /* Build configuration list for PBXProject "Hungry Students" */;
			compatibilityVersion = "Xcode 3.2";
			developmentRegion = English;
			hasScannedForEncodings = 0;
			knownRegions = (
				en,
				Base,
			);
			mainGroup = BEB6BB251A17C876003E27D6;
			productRefGroup = BEB6BB2F1A17C876003E27D6 /* Products */;
			projectDirPath = "";
			projectRoot = "";
			targets = (
				BEB6BB2D1A17C876003E27D6 /* Hungry Students */,
				BEB6BB491A17C876003E27D6 /* Hungry StudentsTests */,
			);
		};
/* End PBXProject section */

/* Begin PBXResourcesBuildPhase section */
		BEB6BB2C1A17C876003E27D6 /* Resources */ = {
			isa = PBXResourcesBuildPhase;
			buildActionMask = 2147483647;
			files = (
				BEB6BB401A17C876003E27D6 /* Main.storyboard in Resources */,
				BEB6BB451A17C876003E27D6 /* LaunchScreen.xib in Resources */,
				5C92AC461A17FFA300A1C208 /* AnnouncementDetailView.xib in Resources */,
				BEB6BB421A17C876003E27D6 /* Images.xcassets in Resources */,
				5C92AC441A17DAB400A1C208 /* GoogleMaps.bundle in Resources */,
			);
			runOnlyForDeploymentPostprocessing = 0;
		};
		BEB6BB481A17C876003E27D6 /* Resources */ = {
			isa = PBXResourcesBuildPhase;
			buildActionMask = 2147483647;
			files = (
			);
			runOnlyForDeploymentPostprocessing = 0;
		};
/* End PBXResourcesBuildPhase section */

/* Begin PBXSourcesBuildPhase section */
		BEB6BB2A1A17C876003E27D6 /* Sources */ = {
			isa = PBXSourcesBuildPhase;
			buildActionMask = 2147483647;
			files = (
				BEB6BB371A17C876003E27D6 /* AppDelegate.m in Sources */,
				BEB6BB3A1A17C876003E27D6 /* Hungry_Students.xcdatamodeld in Sources */,
				BEB6BB3D1A17C876003E27D6 /* ViewController.m in Sources */,
				BE3AD7721A17EA3E00646923 /* AddItemViewController.m in Sources */,
				BEB6BB341A17C876003E27D6 /* main.m in Sources */,
			);
			runOnlyForDeploymentPostprocessing = 0;
		};
		BEB6BB461A17C876003E27D6 /* Sources */ = {
			isa = PBXSourcesBuildPhase;
			buildActionMask = 2147483647;
			files = (
				BEB6BB511A17C876003E27D6 /* Hungry_StudentsTests.m in Sources */,
			);
			runOnlyForDeploymentPostprocessing = 0;
		};
/* End PBXSourcesBuildPhase section */

/* Begin PBXTargetDependency section */
		BEB6BB4C1A17C876003E27D6 /* PBXTargetDependency */ = {
			isa = PBXTargetDependency;
			target = BEB6BB2D1A17C876003E27D6 /* Hungry Students */;
			targetProxy = BEB6BB4B1A17C876003E27D6 /* PBXContainerItemProxy */;
		};
/* End PBXTargetDependency section */

/* Begin PBXVariantGroup section */
		BEB6BB3E1A17C876003E27D6 /* Main.storyboard */ = {
			isa = PBXVariantGroup;
			children = (
				BEB6BB3F1A17C876003E27D6 /* Base */,
			);
			name = Main.storyboard;
			sourceTree = "<group>";
		};
		BEB6BB431A17C876003E27D6 /* LaunchScreen.xib */ = {
			isa = PBXVariantGroup;
			children = (
				BEB6BB441A17C876003E27D6 /* Base */,
			);
			name = LaunchScreen.xib;
			sourceTree = "<group>";
		};
/* End PBXVariantGroup section */

/* Begin XCBuildConfiguration section */
		BEB6BB521A17C876003E27D6 /* Debug */ = {
			isa = XCBuildConfiguration;
			buildSettings = {
				ALWAYS_SEARCH_USER_PATHS = NO;
				CLANG_CXX_LANGUAGE_STANDARD = "gnu++0x";
				CLANG_CXX_LIBRARY = "libc++";
				CLANG_ENABLE_MODULES = YES;
				CLANG_ENABLE_OBJC_ARC = YES;
				CLANG_WARN_BOOL_CONVERSION = YES;
				CLANG_WARN_CONSTANT_CONVERSION = YES;
				CLANG_WARN_DIRECT_OBJC_ISA_USAGE = YES_ERROR;
				CLANG_WARN_EMPTY_BODY = YES;
				CLANG_WARN_ENUM_CONVERSION = YES;
				CLANG_WARN_INT_CONVERSION = YES;
				CLANG_WARN_OBJC_ROOT_CLASS = YES_ERROR;
				CLANG_WARN_UNREACHABLE_CODE = YES;
				CLANG_WARN__DUPLICATE_METHOD_MATCH = YES;
				"CODE_SIGN_IDENTITY[sdk=iphoneos*]" = "iPhone Developer";
				COPY_PHASE_STRIP = NO;
				ENABLE_STRICT_OBJC_MSGSEND = YES;
				GCC_C_LANGUAGE_STANDARD = gnu99;
				GCC_DYNAMIC_NO_PIC = NO;
				GCC_OPTIMIZATION_LEVEL = 0;
				GCC_PREPROCESSOR_DEFINITIONS = (
					"DEBUG=1",
					"$(inherited)",
				);
				GCC_SYMBOLS_PRIVATE_EXTERN = NO;
				GCC_WARN_64_TO_32_BIT_CONVERSION = YES;
				GCC_WARN_ABOUT_RETURN_TYPE = YES_ERROR;
				GCC_WARN_UNDECLARED_SELECTOR = YES;
				GCC_WARN_UNINITIALIZED_AUTOS = YES_AGGRESSIVE;
				GCC_WARN_UNUSED_FUNCTION = YES;
				GCC_WARN_UNUSED_VARIABLE = YES;
				IPHONEOS_DEPLOYMENT_TARGET = 8.1;
				MTL_ENABLE_DEBUG_INFO = YES;
				ONLY_ACTIVE_ARCH = YES;
				SDKROOT = iphoneos;
			};
			name = Debug;
		};
		BEB6BB531A17C876003E27D6 /* Release */ = {
			isa = XCBuildConfiguration;
			buildSettings = {
				ALWAYS_SEARCH_USER_PATHS = NO;
				CLANG_CXX_LANGUAGE_STANDARD = "gnu++0x";
				CLANG_CXX_LIBRARY = "libc++";
				CLANG_ENABLE_MODULES = YES;
				CLANG_ENABLE_OBJC_ARC = YES;
				CLANG_WARN_BOOL_CONVERSION = YES;
				CLANG_WARN_CONSTANT_CONVERSION = YES;
				CLANG_WARN_DIRECT_OBJC_ISA_USAGE = YES_ERROR;
				CLANG_WARN_EMPTY_BODY = YES;
				CLANG_WARN_ENUM_CONVERSION = YES;
				CLANG_WARN_INT_CONVERSION = YES;
				CLANG_WARN_OBJC_ROOT_CLASS = YES_ERROR;
				CLANG_WARN_UNREACHABLE_CODE = YES;
				CLANG_WARN__DUPLICATE_METHOD_MATCH = YES;
				"CODE_SIGN_IDENTITY[sdk=iphoneos*]" = "iPhone Developer";
				COPY_PHASE_STRIP = YES;
				ENABLE_NS_ASSERTIONS = NO;
				ENABLE_STRICT_OBJC_MSGSEND = YES;
				GCC_C_LANGUAGE_STANDARD = gnu99;
				GCC_WARN_64_TO_32_BIT_CONVERSION = YES;
				GCC_WARN_ABOUT_RETURN_TYPE = YES_ERROR;
				GCC_WARN_UNDECLARED_SELECTOR = YES;
				GCC_WARN_UNINITIALIZED_AUTOS = YES_AGGRESSIVE;
				GCC_WARN_UNUSED_FUNCTION = YES;
				GCC_WARN_UNUSED_VARIABLE = YES;
				IPHONEOS_DEPLOYMENT_TARGET = 8.1;
				MTL_ENABLE_DEBUG_INFO = NO;
				SDKROOT = iphoneos;
				VALIDATE_PRODUCT = YES;
			};
			name = Release;
		};
		BEB6BB551A17C876003E27D6 /* Debug */ = {
			isa = XCBuildConfiguration;
			buildSettings = {
				ASSETCATALOG_COMPILER_APPICON_NAME = AppIcon;
				ASSETCATALOG_COMPILER_LAUNCHIMAGE_NAME = LaunchImage;
				FRAMEWORK_SEARCH_PATHS = (
					"$(inherited)",
					"$(PROJECT_DIR)",
				);
				INFOPLIST_FILE = "Hungry Students/Info.plist";
				LD_RUNPATH_SEARCH_PATHS = "$(inherited) @executable_path/Frameworks";
				OTHER_LDFLAGS = "-ObjC";
				PRODUCT_NAME = "$(TARGET_NAME)";
			};
			name = Debug;
		};
		BEB6BB561A17C876003E27D6 /* Release */ = {
			isa = XCBuildConfiguration;
			buildSettings = {
				ASSETCATALOG_COMPILER_APPICON_NAME = AppIcon;
				ASSETCATALOG_COMPILER_LAUNCHIMAGE_NAME = LaunchImage;
				FRAMEWORK_SEARCH_PATHS = (
					"$(inherited)",
					"$(PROJECT_DIR)",
				);
				INFOPLIST_FILE = "Hungry Students/Info.plist";
				LD_RUNPATH_SEARCH_PATHS = "$(inherited) @executable_path/Frameworks";
				OTHER_LDFLAGS = "-ObjC";
				PRODUCT_NAME = "$(TARGET_NAME)";
			};
			name = Release;
		};
		BEB6BB581A17C876003E27D6 /* Debug */ = {
			isa = XCBuildConfiguration;
			buildSettings = {
				BUNDLE_LOADER = "$(TEST_HOST)";
				FRAMEWORK_SEARCH_PATHS = (
					"$(SDKROOT)/Developer/Library/Frameworks",
					"$(inherited)",
				);
				GCC_PREPROCESSOR_DEFINITIONS = (
					"DEBUG=1",
					"$(inherited)",
				);
				INFOPLIST_FILE = "Hungry StudentsTests/Info.plist";
				LD_RUNPATH_SEARCH_PATHS = "$(inherited) @executable_path/Frameworks @loader_path/Frameworks";
				PRODUCT_NAME = "$(TARGET_NAME)";
				TEST_HOST = "$(BUILT_PRODUCTS_DIR)/Hungry Students.app/Hungry Students";
			};
			name = Debug;
		};
		BEB6BB591A17C876003E27D6 /* Release */ = {
			isa = XCBuildConfiguration;
			buildSettings = {
				BUNDLE_LOADER = "$(TEST_HOST)";
				FRAMEWORK_SEARCH_PATHS = (
					"$(SDKROOT)/Developer/Library/Frameworks",
					"$(inherited)",
				);
				INFOPLIST_FILE = "Hungry StudentsTests/Info.plist";
				LD_RUNPATH_SEARCH_PATHS = "$(inherited) @executable_path/Frameworks @loader_path/Frameworks";
				PRODUCT_NAME = "$(TARGET_NAME)";
				TEST_HOST = "$(BUILT_PRODUCTS_DIR)/Hungry Students.app/Hungry Students";
			};
			name = Release;
		};
/* End XCBuildConfiguration section */

/* Begin XCConfigurationList section */
		BEB6BB291A17C876003E27D6 /* Build configuration list for PBXProject "Hungry Students" */ = {
			isa = XCConfigurationList;
			buildConfigurations = (
				BEB6BB521A17C876003E27D6 /* Debug */,
				BEB6BB531A17C876003E27D6 /* Release */,
			);
			defaultConfigurationIsVisible = 0;
			defaultConfigurationName = Release;
		};
		BEB6BB541A17C876003E27D6 /* Build configuration list for PBXNativeTarget "Hungry Students" */ = {
			isa = XCConfigurationList;
			buildConfigurations = (
				BEB6BB551A17C876003E27D6 /* Debug */,
				BEB6BB561A17C876003E27D6 /* Release */,
			);
			defaultConfigurationIsVisible = 0;
			defaultConfigurationName = Release;
		};
		BEB6BB571A17C876003E27D6 /* Build configuration list for PBXNativeTarget "Hungry StudentsTests" */ = {
			isa = XCConfigurationList;
			buildConfigurations = (
				BEB6BB581A17C876003E27D6 /* Debug */,
				BEB6BB591A17C876003E27D6 /* Release */,
			);
			defaultConfigurationIsVisible = 0;
			defaultConfigurationName = Release;
		};
/* End XCConfigurationList section */

/* Begin XCVersionGroup section */
		BEB6BB381A17C876003E27D6 /* Hungry_Students.xcdatamodeld */ = {
			isa = XCVersionGroup;
			children = (
				BEB6BB391A17C876003E27D6 /* Hungry_Students.xcdatamodel */,
			);
			currentVersion = BEB6BB391A17C876003E27D6 /* Hungry_Students.xcdatamodel */;
			path = Hungry_Students.xcdatamodeld;
			sourceTree = "<group>";
			versionGroupType = wrapper.xcdatamodel;
		};
/* End XCVersionGroup section */
	};
	rootObject = BEB6BB261A17C876003E27D6 /* Project object */;
}
